dependencies:
- name: common
  repository: https://library-charts.truecharts.org
  version: 10.5.10
- name: postgresql
  repository: https://charts.truecharts.org/
  version: 8.0.78
- name: memcached
  repository: https://charts.truecharts.org/
  version: 3.0.76
digest: sha256:5ab0a0184e2dac1f005179bd1a60fdf5a3bb626ccc31c8a9207f966cd16bb647
generated: "2022-09-22T06:55:36.348831841Z"
